
Microsoft Visual Studio Solution File, Format Version 12.00
# Visual Studio Version 17
VisualStudioVersion = 17.5.33516.290
MinimumVisualStudioVersion = 10.0.40219.1
Project("{FAE04EC0-301F-11D3-BF4B-00C04F79EFBC}") = "AkademiPlusSignalR2", "AkademiPlusSignalR2\AkademiPlusSignalR2.csproj", "{26920262-1858-4214-A2F5-C72CC71AC74B}"
EndProject
Project("{FAE04EC0-301F-11D3-BF4B-00C04F79EFBC}") = "AkademiPlusSignalR2Consume", "AkademiPlusSignalR2Consume\AkademiPlusSignalR2Consume.csproj", "{2EB9541F-1984-4ADE-A8A5-4BE262ED8E60}"
EndProject
Global
	GlobalSection(SolutionConfigurationPlatforms) = preSolution
		Debug|Any CPU = Debug|Any CPU
		Release|Any CPU = Release|Any CPU
	EndGlobalSection
	GlobalSection(ProjectConfigurationPlatforms) = postSolution
		{26920262-1858-4214-A2F5-C72CC71AC74B}.Debug|Any CPU.ActiveCfg = Debug|Any CPU
		{26920262-1858-4214-A2F5-C72CC71AC74B}.Debug|Any CPU.Build.0 = Debug|Any CPU
		{26920262-1858-4214-A2F5-C72CC71AC74B}.Release|Any CPU.ActiveCfg = Release|Any CPU
		{26920262-1858-4214-A2F5-C72CC71AC74B}.Release|Any CPU.Build.0 = Release|Any CPU
		{2EB9541F-1984-4ADE-A8A5-4BE262ED8E60}.Debug|Any CPU.ActiveCfg = Debug|Any CPU
		{2EB9541F-1984-4ADE-A8A5-4BE262ED8E60}.Debug|Any CPU.Build.0 = Debug|Any CPU
		{2EB9541F-1984-4ADE-A8A5-4BE262ED8E60}.Release|Any CPU.ActiveCfg = Release|Any CPU
		{2EB9541F-1984-4ADE-A8A5-4BE262ED8E60}.Release|Any CPU.Build.0 = Release|Any CPU
	EndGlobalSection
	GlobalSection(SolutionProperties) = preSolution
		HideSolutionNode = FALSE
	EndGlobalSection
	GlobalSection(ExtensibilityGlobals) = postSolution
		SolutionGuid = {F05E8013-1885-4648-9632-031564CE20CC}
	EndGlobalSection
EndGlobal
